// !$*UTF8*$!
{
	archiveVersion = 1;
	classes = {
	};
	objectVersion = 50;
	objects = {

/* Begin PBXBuildFile section */
		3F77403820EC6ACA00895FDC /* AppDelegate.m in Sources */ = {isa = PBXBuildFile; fileRef = 3F77403720EC6ACA00895FDC /* AppDelegate.m */; };
		3F77403B20EC6ACA00895FDC /* ViewController.m in Sources */ = {isa = PBXBuildFile; fileRef = 3F77403A20EC6ACA00895FDC /* ViewController.m */; };
		3F77403E20EC6ACA00895FDC /* Main.storyboard in Resources */ = {isa = PBXBuildFile; fileRef = 3F77403C20EC6ACA00895FDC /* Main.storyboard */; };
		3F77404020EC6ACC00895FDC /* Assets.xcassets in Resources */ = {isa = PBXBuildFile; fileRef = 3F77403F20EC6ACC00895FDC /* Assets.xcassets */; };
		3F77404320EC6ACC00895FDC /* LaunchScreen.storyboard in Resources */ = {isa = PBXBuildFile; fileRef = 3F77404120EC6ACC00895FDC /* LaunchScreen.storyboard */; };
		3F77404620EC6ACC00895FDC /* main.m in Sources */ = {isa = PBXBuildFile; fileRef = 3F77404520EC6ACC00895FDC /* main.m */; };
		3FB01BF920EC6B4F00B1D95A /* NSLayoutConstraint+MASDebugAdditions.m in Sources */ = {isa = PBXBuildFile; fileRef = 3FB01BE020EC6B4F00B1D95A /* NSLayoutConstraint+MASDebugAdditions.m */; };
		3FB01BFA20EC6B4F00B1D95A /* ViewController+MASAdditions.m in Sources */ = {isa = PBXBuildFile; fileRef = 3FB01BE920EC6B4F00B1D95A /* ViewController+MASAdditions.m */; };
		3FB01BFB20EC6B4F00B1D95A /* MASCompositeConstraint.m in Sources */ = {isa = PBXBuildFile; fileRef = 3FB01BED20EC6B4F00B1D95A /* MASCompositeConstraint.m */; };
		3FB01BFC20EC6B4F00B1D95A /* MASConstraintMaker.m in Sources */ = {isa = PBXBuildFile; fileRef = 3FB01BEE20EC6B4F00B1D95A /* MASConstraintMaker.m */; };
		3FB01BFD20EC6B4F00B1D95A /* MASLayoutConstraint.m in Sources */ = {isa = PBXBuildFile; fileRef = 3FB01BEF20EC6B4F00B1D95A /* MASLayoutConstraint.m */; };
		3FB01BFE20EC6B4F00B1D95A /* NSArray+MASAdditions.m in Sources */ = {isa = PBXBuildFile; fileRef = 3FB01BF020EC6B4F00B1D95A /* NSArray+MASAdditions.m */; };
		3FB01BFF20EC6B4F00B1D95A /* View+MASAdditions.m in Sources */ = {isa = PBXBuildFile; fileRef = 3FB01BF120EC6B4F00B1D95A /* View+MASAdditions.m */; };
		3FB01C0020EC6B4F00B1D95A /* MASConstraint.m in Sources */ = {isa = PBXBuildFile; fileRef = 3FB01BF420EC6B4F00B1D95A /* MASConstraint.m */; };
		3FB01C0120EC6B4F00B1D95A /* MASViewConstraint.m in Sources */ = {isa = PBXBuildFile; fileRef = 3FB01BF620EC6B4F00B1D95A /* MASViewConstraint.m */; };
		3FB01C0220EC6B4F00B1D95A /* MASViewAttribute.m in Sources */ = {isa = PBXBuildFile; fileRef = 3FB01BF720EC6B4F00B1D95A /* MASViewAttribute.m */; };
		3FB01C0320EC6B4F00B1D95A /* Info.plist in Resources */ = {isa = PBXBuildFile; fileRef = 3FB01BF820EC6B4F00B1D95A /* Info.plist */; };
/* End PBXBuildFile section */

/* Begin PBXFileReference section */
		3F77403320EC6ACA00895FDC /* MasonryTest.app */ = {isa = PBXFileReference; explicitFileType = wrapper.application; includeInIndex = 0; path = MasonryTest.app; sourceTree = BUILT_PRODUCTS_DIR; };
		3F77403620EC6ACA00895FDC /* AppDelegate.h */ = {isa = PBXFileReference; lastKnownFileType = sourcecode.c.h; path = AppDelegate.h; sourceTree = "<group>"; };
		3F77403720EC6ACA00895FDC /* AppDelegate.m */ = {isa = PBXFileReference; lastKnownFileType = sourcecode.c.objc; path = AppDelegate.m; sourceTree = "<group>"; };
		3F77403920EC6ACA00895FDC /* ViewController.h */ = {isa = PBXFileReference; lastKnownFileType = sourcecode.c.h; path = ViewController.h; sourceTree = "<group>"; };
		3F77403A20EC6ACA00895FDC /* ViewController.m */ = {isa = PBXFileReference; lastKnownFileType = sourcecode.c.objc; path = ViewController.m; sourceTree = "<group>"; };
		3F77403D20EC6ACA00895FDC /* Base */ = {isa = PBXFileReference; lastKnownFileType = file.storyboard; name = Base; path = Base.lproj/Main.storyboard; sourceTree = "<group>"; };
		3F77403F20EC6ACC00895FDC /* Assets.xcassets */ = {isa = PBXFileReference; lastKnownFileType = folder.assetcatalog; path = Assets.xcassets; sourceTree = "<group>"; };
		3F77404220EC6ACC00895FDC /* Base */ = {isa = PBXFileReference; lastKnownFileType = file.storyboard; name = Base; path = Base.lproj/LaunchScreen.storyboard; sourceTree = "<group>"; };
		3F77404420EC6ACC00895FDC /* Info.plist */ = {isa = PBXFileReference; lastKnownFileType = text.plist.xml; path = Info.plist; sourceTree = "<group>"; };
		3F77404520EC6ACC00895FDC /* main.m */ = {isa = PBXFileReference; lastKnownFileType = sourcecode.c.objc; path = main.m; sourceTree = "<group>"; };
		3FB01BDF20EC6B4F00B1D95A /* MASCompositeConstraint.h */ = {isa = PBXFileReference; fileEncoding = 4; lastKnownFileType = sourcecode.c.h; path = MASCompositeConstraint.h; sourceTree = "<group>"; };
		3FB01BE020EC6B4F00B1D95A /* NSLayoutConstraint+MASDebugAdditions.m */ = {isa = PBXFileReference; fileEncoding = 4; lastKnownFileType = sourcecode.c.objc; path = "NSLayoutConstraint+MASDebugAdditions.m"; sourceTree = "<group>"; };
		3FB01BE120EC6B4F00B1D95A /* MASConstraint+Private.h */ = {isa = PBXFileReference; fileEncoding = 4; lastKnownFileType = sourcecode.c.h; path = "MASConstraint+Private.h"; sourceTree = "<group>"; };
		3FB01BE220EC6B4F00B1D95A /* MASLayoutConstraint.h */ = {isa = PBXFileReference; fileEncoding = 4; lastKnownFileType = sourcecode.c.h; path = MASLayoutConstraint.h; sourceTree = "<group>"; };
		3FB01BE320EC6B4F00B1D95A /* NSArray+MASShorthandAdditions.h */ = {isa = PBXFileReference; fileEncoding = 4; lastKnownFileType = sourcecode.c.h; path = "NSArray+MASShorthandAdditions.h"; sourceTree = "<group>"; };
		3FB01BE420EC6B4F00B1D95A /* MASConstraintMaker.h */ = {isa = PBXFileReference; fileEncoding = 4; lastKnownFileType = sourcecode.c.h; path = MASConstraintMaker.h; sourceTree = "<group>"; };
		3FB01BE520EC6B4F00B1D95A /* View+MASAdditions.h */ = {isa = PBXFileReference; fileEncoding = 4; lastKnownFileType = sourcecode.c.h; path = "View+MASAdditions.h"; sourceTree = "<group>"; };
		3FB01BE620EC6B4F00B1D95A /* NSArray+MASAdditions.h */ = {isa = PBXFileReference; fileEncoding = 4; lastKnownFileType = sourcecode.c.h; path = "NSArray+MASAdditions.h"; sourceTree = "<group>"; };
		3FB01BE720EC6B4F00B1D95A /* MASUtilities.h */ = {isa = PBXFileReference; fileEncoding = 4; lastKnownFileType = sourcecode.c.h; path = MASUtilities.h; sourceTree = "<group>"; };
		3FB01BE820EC6B4F00B1D95A /* MASViewAttribute.h */ = {isa = PBXFileReference; fileEncoding = 4; lastKnownFileType = sourcecode.c.h; path = MASViewAttribute.h; sourceTree = "<group>"; };
		3FB01BE920EC6B4F00B1D95A /* ViewController+MASAdditions.m */ = {isa = PBXFileReference; fileEncoding = 4; lastKnownFileType = sourcecode.c.objc; path = "ViewController+MASAdditions.m"; sourceTree = "<group>"; };
		3FB01BEA20EC6B4F00B1D95A /* MASViewConstraint.h */ = {isa = PBXFileReference; fileEncoding = 4; lastKnownFileType = sourcecode.c.h; path = MASViewConstraint.h; sourceTree = "<group>"; };
		3FB01BEB20EC6B4F00B1D95A /* MASConstraint.h */ = {isa = PBXFileReference; fileEncoding = 4; lastKnownFileType = sourcecode.c.h; path = MASConstraint.h; sourceTree = "<group>"; };
		3FB01BEC20EC6B4F00B1D95A /* NSLayoutConstraint+MASDebugAdditions.h */ = {isa = PBXFileReference; fileEncoding = 4; lastKnownFileType = sourcecode.c.h; path = "NSLayoutConstraint+MASDebugAdditions.h"; sourceTree = "<group>"; };
		3FB01BED20EC6B4F00B1D95A /* MASCompositeConstraint.m */ = {isa = PBXFileReference; fileEncoding = 4; lastKnownFileType = sourcecode.c.objc; path = MASCompositeConstraint.m; sourceTree = "<group>"; };
		3FB01BEE20EC6B4F00B1D95A /* MASConstraintMaker.m */ = {isa = PBXFileReference; fileEncoding = 4; lastKnownFileType = sourcecode.c.objc; path = MASConstraintMaker.m; sourceTree = "<group>"; };
		3FB01BEF20EC6B4F00B1D95A /* MASLayoutConstraint.m */ = {isa = PBXFileReference; fileEncoding = 4; lastKnownFileType = sourcecode.c.objc; path = MASLayoutConstraint.m; sourceTree = "<group>"; };
		3FB01BF020EC6B4F00B1D95A /* NSArray+MASAdditions.m */ = {isa = PBXFileReference; fileEncoding = 4; lastKnownFileType = sourcecode.c.objc; path = "NSArray+MASAdditions.m"; sourceTree = "<group>"; };
		3FB01BF120EC6B4F00B1D95A /* View+MASAdditions.m */ = {isa = PBXFileReference; fileEncoding = 4; lastKnownFileType = sourcecode.c.objc; path = "View+MASAdditions.m"; sourceTree = "<group>"; };
		3FB01BF220EC6B4F00B1D95A /* View+MASShorthandAdditions.h */ = {isa = PBXFileReference; fileEncoding = 4; lastKnownFileType = sourcecode.c.h; path = "View+MASShorthandAdditions.h"; sourceTree = "<group>"; };
		3FB01BF320EC6B4F00B1D95A /* Masonry.h */ = {isa = PBXFileReference; fileEncoding = 4; lastKnownFileType = sourcecode.c.h; path = Masonry.h; sourceTree = "<group>"; };
		3FB01BF420EC6B4F00B1D95A /* MASConstraint.m */ = {isa = PBXFileReference; fileEncoding = 4; lastKnownFileType = sourcecode.c.objc; path = MASConstraint.m; sourceTree = "<group>"; };
		3FB01BF520EC6B4F00B1D95A /* ViewController+MASAdditions.h */ = {isa = PBXFileReference; fileEncoding = 4; lastKnownFileType = sourcecode.c.h; path = "ViewController+MASAdditions.h"; sourceTree = "<group>"; };
		3FB01BF620EC6B4F00B1D95A /* MASViewConstraint.m */ = {isa = PBXFileReference; fileEncoding = 4; lastKnownFileType = sourcecode.c.objc; path = MASViewConstraint.m; sourceTree = "<group>"; };
		3FB01BF720EC6B4F00B1D95A /* MASViewAttribute.m */ = {isa = PBXFileReference; fileEncoding = 4; lastKnownFileType = sourcecode.c.objc; path = MASViewAttribute.m; sourceTree = "<group>"; };
		3FB01BF820EC6B4F00B1D95A /* Info.plist */ = {isa = PBXFileReference; fileEncoding = 4; lastKnownFileType = text.plist.xml; path = Info.plist; sourceTree = "<group>"; };
/* End PBXFileReference section */

/* Begin PBXFrameworksBuildPhase section */
		3F77403020EC6ACA00895FDC /* Frameworks */ = {
			isa = PBXFrameworksBuildPhase;
			buildActionMask = 2147483647;
			files = (
			);
			runOnlyForDeploymentPostprocessing = 0;
		};
/* End PBXFrameworksBuildPhase section */

/* Begin PBXGroup section */
		3F77402A20EC6ACA00895FDC = {
			isa = PBXGroup;
			children = (
				3F77403520EC6ACA00895FDC /* MasonryTest */,
				3F77403420EC6ACA00895FDC /* Products */,
			);
			sourceTree = "<group>";
		};
		3F77403420EC6ACA00895FDC /* Products */ = {
			isa = PBXGroup;
			children = (
				3F77403320EC6ACA00895FDC /* MasonryTest.app */,
			);
			name = Products;
			sourceTree = "<group>";
		};
		3F77403520EC6ACA00895FDC /* MasonryTest */ = {
			isa = PBXGroup;
			children = (
				3FB01BDE20EC6B4F00B1D95A /* Masonry */,
				3F77403620EC6ACA00895FDC /* AppDelegate.h */,
				3F77403720EC6ACA00895FDC /* AppDelegate.m */,
				3F77403920EC6ACA00895FDC /* ViewController.h */,
				3F77403A20EC6ACA00895FDC /* ViewController.m */,
				3F77403C20EC6ACA00895FDC /* Main.storyboard */,
				3F77403F20EC6ACC00895FDC /* Assets.xcassets */,
				3F77404120EC6ACC00895FDC /* LaunchScreen.storyboard */,
				3F77404420EC6ACC00895FDC /* Info.plist */,
				3F77404520EC6ACC00895FDC /* main.m */,
			);
			path = MasonryTest;
			sourceTree = "<group>";
		};
		3FB01BDE20EC6B4F00B1D95A /* Masonry */ = {
			isa = PBXGroup;
			children = (
				3FB01BDF20EC6B4F00B1D95A /* MASCompositeConstraint.h */,
				3FB01BE020EC6B4F00B1D95A /* NSLayoutConstraint+MASDebugAdditions.m */,
				3FB01BE120EC6B4F00B1D95A /* MASConstraint+Private.h */,
				3FB01BE220EC6B4F00B1D95A /* MASLayoutConstraint.h */,
				3FB01BE320EC6B4F00B1D95A /* NSArray+MASShorthandAdditions.h */,
				3FB01BE420EC6B4F00B1D95A /* MASConstraintMaker.h */,
				3FB01BE520EC6B4F00B1D95A /* View+MASAdditions.h */,
				3FB01BE620EC6B4F00B1D95A /* NSArray+MASAdditions.h */,
				3FB01BE720EC6B4F00B1D95A /* MASUtilities.h */,
				3FB01BE820EC6B4F00B1D95A /* MASViewAttribute.h */,
				3FB01BE920EC6B4F00B1D95A /* ViewController+MASAdditions.m */,
				3FB01BEA20EC6B4F00B1D95A /* MASViewConstraint.h */,
				3FB01BEB20EC6B4F00B1D95A /* MASConstraint.h */,
				3FB01BEC20EC6B4F00B1D95A /* NSLayoutConstraint+MASDebugAdditions.h */,
				3FB01BED20EC6B4F00B1D95A /* MASCompositeConstraint.m */,
				3FB01BEE20EC6B4F00B1D95A /* MASConstraintMaker.m */,
				3FB01BEF20EC6B4F00B1D95A /* MASLayoutConstraint.m */,
				3FB01BF020EC6B4F00B1D95A /* NSArray+MASAdditions.m */,
				3FB01BF120EC6B4F00B1D95A /* View+MASAdditions.m */,
				3FB01BF220EC6B4F00B1D95A /* View+MASShorthandAdditions.h */,
				3FB01BF320EC6B4F00B1D95A /* Masonry.h */,
				3FB01BF420EC6B4F00B1D95A /* MASConstraint.m */,
				3FB01BF520EC6B4F00B1D95A /* ViewController+MASAdditions.h */,
				3FB01BF620EC6B4F00B1D95A /* MASViewConstraint.m */,
				3FB01BF720EC6B4F00B1D95A /* MASViewAttribute.m */,
				3FB01BF820EC6B4F00B1D95A /* Info.plist */,
			);
			path = Masonry;
			sourceTree = "<group>";
		};
/* End PBXGroup section */

/* Begin PBXNativeTarget section */
		3F77403220EC6ACA00895FDC /* MasonryTest */ = {
			isa = PBXNativeTarget;
			buildConfigurationList = 3F77404920EC6ACC00895FDC /* Build configuration list for PBXNativeTarget "MasonryTest" */;
			buildPhases = (
				3F77402F20EC6ACA00895FDC /* Sources */,
				3F77403020EC6ACA00895FDC /* Frameworks */,
				3F77403120EC6ACA00895FDC /* Resources */,
			);
			buildRules = (
			);
			dependencies = (
			);
			name = MasonryTest;
			productName = MasonryTest;
			productReference = 3F77403320EC6ACA00895FDC /* MasonryTest.app */;
			productType = "com.apple.product-type.application";
		};
/* End PBXNativeTarget section */

/* Begin PBXProject section */
		3F77402B20EC6ACA00895FDC /* Project object */ = {
			isa = PBXProject;
			attributes = {
				LastUpgradeCheck = 0940;
				ORGANIZATIONNAME = heiketu;
				TargetAttributes = {
					3F77403220EC6ACA00895FDC = {
						CreatedOnToolsVersion = 9.4.1;
					};
				};
			};
			buildConfigurationList = 3F77402E20EC6ACA00895FDC /* Build configuration list for PBXProject "MasonryTest" */;
			compatibilityVersion = "Xcode 9.3";
			developmentRegion = en;
			hasScannedForEncodings = 0;
			knownRegions = (
				en,
				Base,
			);
			mainGroup = 3F77402A20EC6ACA00895FDC;
			productRefGroup = 3F77403420EC6ACA00895FDC /* Products */;
			projectDirPath = "";
			projectRoot = "";
			targets = (
				3F77403220EC6ACA00895FDC /* MasonryTest */,
			);
		};
/* End PBXProject section */

/* Begin PBXResourcesBuildPhase section */
		3F77403120EC6ACA00895FDC /* Resources */ = {
			isa = PBXResourcesBuildPhase;
			buildActionMask = 2147483647;
			files = (
				3FB01C0320EC6B4F00B1D95A /* Info.plist in Resources */,
				3F77404320EC6ACC00895FDC /* LaunchScreen.storyboard in Resources */,
				3F77404020EC6ACC00895FDC /* Assets.xcassets in Resources */,
				3F77403E20EC6ACA00895FDC /* Main.storyboard in Resources */,
			);
			runOnlyForDeploymentPostprocessing = 0;
		};
/* End PBXResourcesBuildPhase section */

/* Begin PBXSourcesBuildPhase section */
		3F77402F20EC6ACA00895FDC /* Sources */ = {
			isa = PBXSourcesBuildPhase;
			buildActionMask = 2147483647;
			files = (
				3FB01BFC20EC6B4F00B1D95A /* MASConstraintMaker.m in Sources */,
				3F77403B20EC6ACA00895FDC /* ViewController.m in Sources */,
				3FB01BFA20EC6B4F00B1D95A /* ViewController+MASAdditions.m in Sources */,
				3FB01C0120EC6B4F00B1D95A /* MASViewConstraint.m in Sources */,
				3F77404620EC6ACC00895FDC /* main.m in Sources */,
				3FB01BFD20EC6B4F00B1D95A /* MASLayoutConstraint.m in Sources */,
				3FB01C0020EC6B4F00B1D95A /* MASConstraint.m in Sources */,
				3FB01BFE20EC6B4F00B1D95A /* NSArray+MASAdditions.m in Sources */,
				3F77403820EC6ACA00895FDC /* AppDelegate.m in Sources */,
				3FB01BFB20EC6B4F00B1D95A /* MASCompositeConstraint.m in Sources */,
				3FB01BFF20EC6B4F00B1D95A /* View+MASAdditions.m in Sources */,
				3FB01BF920EC6B4F00B1D95A /* NSLayoutConstraint+MASDebugAdditions.m in Sources */,
				3FB01C0220EC6B4F00B1D95A /* MASViewAttribute.m in Sources */,
			);
			runOnlyForDeploymentPostprocessing = 0;
		};
/* End PBXSourcesBuildPhase section */

/* Begin PBXVariantGroup section */
		3F77403C20EC6ACA00895FDC /* Main.storyboard */ = {
			isa = PBXVariantGroup;
			children = (
				3F77403D20EC6ACA00895FDC /* Base */,
			);
			name = Main.storyboard;
			sourceTree = "<group>";
		};
		3F77404120EC6ACC00895FDC /* LaunchScreen.storyboard */ = {
			isa = PBXVariantGroup;
			children = (
				3F77404220EC6ACC00895FDC /* Base */,
			);
			name = LaunchScreen.storyboard;
			sourceTree = "<group>";
		};
/* End PBXVariantGroup section */

/* Begin XCBuildConfiguration section */
		3F77404720EC6ACC00895FDC /* Debug */ = {
			isa = XCBuildConfiguration;
			buildSettings = {
				ALWAYS_SEARCH_USER_PATHS = NO;
				CLANG_ANALYZER_NONNULL = YES;
				CLANG_ANALYZER_NUMBER_OBJECT_CONVERSION = YES_AGGRESSIVE;
				CLANG_CXX_LANGUAGE_STANDARD = "gnu++14";
				CLANG_CXX_LIBRARY = "libc++";
				CLANG_ENABLE_MODULES = YES;
				CLANG_ENABLE_OBJC_ARC = YES;
				CLANG_ENABLE_OBJC_WEAK = YES;
				CLANG_WARN_BLOCK_CAPTURE_AUTORELEASING = YES;
				CLANG_WARN_BOOL_CONVERSION = YES;
				CLANG_WARN_COMMA = YES;
				CLANG_WARN_CONSTANT_CONVERSION = YES;
				CLANG_WARN_DEPRECATED_OBJC_IMPLEMENTATIONS = YES;
				CLANG_WARN_DIRECT_OBJC_ISA_USAGE = YES_ERROR;
				CLANG_WARN_DOCUMENTATION_COMMENTS = YES;
				CLANG_WARN_EMPTY_BODY = YES;
				CLANG_WARN_ENUM_CONVERSION = YES;
				CLANG_WARN_INFINITE_RECURSION = YES;
				CLANG_WARN_INT_CONVERSION = YES;
				CLANG_WARN_NON_LITERAL_NULL_CONVERSION = YES;
				CLANG_WARN_OBJC_IMPLICIT_RETAIN_SELF = YES;
				CLANG_WARN_OBJC_LITERAL_CONVERSION = YES;
				CLANG_WARN_OBJC_ROOT_CLASS = YES_ERROR;
				CLANG_WARN_RANGE_LOOP_ANALYSIS = YES;
				CLANG_WARN_STRICT_PROTOTYPES = YES;
				CLANG_WARN_SUSPICIOUS_MOVE = YES;
				CLANG_WARN_UNGUARDED_AVAILABILITY = YES_AGGRESSIVE;
				CLANG_WARN_UNREACHABLE_CODE = YES;
				CLANG_WARN__DUPLICATE_METHOD_MATCH = YES;
				CODE_SIGN_IDENTITY = "iPhone Developer";
				COPY_PHASE_STRIP = NO;
				DEBUG_INFORMATION_FORMAT = dwarf;
				ENABLE_STRICT_OBJC_MSGSEND = YES;
				ENABLE_TESTABILITY = YES;
				GCC_C_LANGUAGE_STANDARD = gnu11;
				GCC_DYNAMIC_NO_PIC = NO;
				GCC_NO_COMMON_BLOCKS = YES;
				GCC_OPTIMIZATION_LEVEL = 0;
				GCC_PREPROCESSOR_DEFINITIONS = (
					"DEBUG=1",
					"$(inherited)",
				);
				GCC_WARN_64_TO_32_BIT_CONVERSION = YES;
				GCC_WARN_ABOUT_RETURN_TYPE = YES_ERROR;
				GCC_WARN_UNDECLARED_SELECTOR = YES;
				GCC_WARN_UNINITIALIZED_AUTOS = YES_AGGRESSIVE;
				GCC_WARN_UNUSED_FUNCTION = YES;
				GCC_WARN_UNUSED_VARIABLE = YES;
				IPHONEOS_DEPLOYMENT_TARGET = 11.4;
				MTL_ENABLE_DEBUG_INFO = YES;
				ONLY_ACTIVE_ARCH = YES;
				SDKROOT = iphoneos;
			};
			name = Debug;
		};
		3F77404820EC6ACC00895FDC /* Release */ = {
			isa = XCBuildConfiguration;
			buildSettings = {
				ALWAYS_SEARCH_USER_PATHS = NO;
				CLANG_ANALYZER_NONNULL = YES;
				CLANG_ANALYZER_NUMBER_OBJECT_CONVERSION = YES_AGGRESSIVE;
				CLANG_CXX_LANGUAGE_STANDARD = "gnu++14";
				CLANG_CXX_LIBRARY = "libc++";
				CLANG_ENABLE_MODULES = YES;
				CLANG_ENABLE_OBJC_ARC = YES;
				CLANG_ENABLE_OBJC_WEAK = YES;
				CLANG_WARN_BLOCK_CAPTURE_AUTORELEASING = YES;
				CLANG_WARN_BOOL_CONVERSION = YES;
				CLANG_WARN_COMMA = YES;
				CLANG_WARN_CONSTANT_CONVERSION = YES;
				CLANG_WARN_DEPRECATED_OBJC_IMPLEMENTATIONS = YES;
				CLANG_WARN_DIRECT_OBJC_ISA_USAGE = YES_ERROR;
				CLANG_WARN_DOCUMENTATION_COMMENTS = YES;
				CLANG_WARN_EMPTY_BODY = YES;
				CLANG_WARN_ENUM_CONVERSION = YES;
				CLANG_WARN_INFINITE_RECURSION = YES;
				CLANG_WARN_INT_CONVERSION = YES;
				CLANG_WARN_NON_LITERAL_NULL_CONVERSION = YES;
				CLANG_WARN_OBJC_IMPLICIT_RETAIN_SELF = YES;
				CLANG_WARN_OBJC_LITERAL_CONVERSION = YES;
				CLANG_WARN_OBJC_ROOT_CLASS = YES_ERROR;
				CLANG_WARN_RANGE_LOOP_ANALYSIS = YES;
				CLANG_WARN_STRICT_PROTOTYPES = YES;
				CLANG_WARN_SUSPICIOUS_MOVE = YES;
				CLANG_WARN_UNGUARDED_AVAILABILITY = YES_AGGRESSIVE;
				CLANG_WARN_UNREACHABLE_CODE = YES;
				CLANG_WARN__DUPLICATE_METHOD_MATCH = YES;
				CODE_SIGN_IDENTITY = "iPhone Developer";
				COPY_PHASE_STRIP = NO;
				DEBUG_INFORMATION_FORMAT = "dwarf-with-dsym";
				ENABLE_NS_ASSERTIONS = NO;
				ENABLE_STRICT_OBJC_MSGSEND = YES;
				GCC_C_LANGUAGE_STANDARD = gnu11;
				GCC_NO_COMMON_BLOCKS = YES;
				GCC_WARN_64_TO_32_BIT_CONVERSION = YES;
				GCC_WARN_ABOUT_RETURN_TYPE = YES_ERROR;
				GCC_WARN_UNDECLARED_SELECTOR = YES;
				GCC_WARN_UNINITIALIZED_AUTOS = YES_AGGRESSIVE;
				GCC_WARN_UNUSED_FUNCTION = YES;
				GCC_WARN_UNUSED_VARIABLE = YES;
				IPHONEOS_DEPLOYMENT_TARGET = 11.4;
				MTL_ENABLE_DEBUG_INFO = NO;
				SDKROOT = iphoneos;
				VALIDATE_PRODUCT = YES;
			};
			name = Release;
		};
		3F77404A20EC6ACC00895FDC /* Debug */ = {
			isa = XCBuildConfiguration;
			buildSettings = {
				ASSETCATALOG_COMPILER_APPICON_NAME = AppIcon;
				CODE_SIGN_STYLE = Automatic;
				DEVELOPMENT_TEAM = 59XXRG3LQ9;
				INFOPLIST_FILE = MasonryTest/Info.plist;
				LD_RUNPATH_SEARCH_PATHS = (
					"$(inherited)",
					"@executable_path/Frameworks",
				);
				PRODUCT_BUNDLE_IDENTIFIER = com.heiketu.MasonryTest;
				PRODUCT_NAME = "$(TARGET_NAME)";
				TARGETED_DEVICE_FAMILY = "1,2";
			};
			name = Debug;
		};
		3F77404B20EC6ACC00895FDC /* Release */ = {
			isa = XCBuildConfiguration;
			buildSettings = {
				ASSETCATALOG_COMPILER_APPICON_NAME = AppIcon;
				CODE_SIGN_STYLE = Automatic;
				DEVELOPMENT_TEAM = 59XXRG3LQ9;
				INFOPLIST_FILE = MasonryTest/Info.plist;
				LD_RUNPATH_SEARCH_PATHS = (
					"$(inherited)",
					"@executable_path/Frameworks",
				);
				PRODUCT_BUNDLE_IDENTIFIER = com.heiketu.MasonryTest;
				PRODUCT_NAME = "$(TARGET_NAME)";
				TARGETED_DEVICE_FAMILY = "1,2";
			};
			name = Release;
		};
/* End XCBuildConfiguration section */

/* Begin XCConfigurationList section */
		3F77402E20EC6ACA00895FDC /* Build configuration list for PBXProject "MasonryTest" */ = {
			isa = XCConfigurationList;
			buildConfigurations = (
				3F77404720EC6ACC00895FDC /* Debug */,
				3F77404820EC6ACC00895FDC /* Release */,
			);
			defaultConfigurationIsVisible = 0;
			defaultConfigurationName = Release;
		};
		3F77404920EC6ACC00895FDC /* Build configuration list for PBXNativeTarget "MasonryTest" */ = {
			isa = XCConfigurationList;
			buildConfigurations = (
				3F77404A20EC6ACC00895FDC /* Debug */,
				3F77404B20EC6ACC00895FDC /* Release */,
			);
			defaultConfigurationIsVisible = 0;
			defaultConfigurationName = Release;
		};
/* End XCConfigurationList section */
	};
	rootObject = 3F77402B20EC6ACA00895FDC /* Project object */;
}
